# This file is automatically @generated by Cargo.
# It is not intended for manual editing.
[[package]]
name = "backtrace"
version = "0.3.46"
source = "registry+https://github.com/rust-lang/crates.io-index"
dependencies = [
 "backtrace-sys 0.1.37 (registry+https://github.com/rust-lang/crates.io-index)",
 "cfg-if 0.1.10 (registry+https://github.com/rust-lang/crates.io-index)",
 "libc 0.2.69 (registry+https://github.com/rust-lang/crates.io-index)",
 "rustc-demangle 0.1.16 (registry+https://github.com/rust-lang/crates.io-index)",
]

[[package]]
name = "backtrace-sys"
version = "0.1.37"
source = "registry+https://github.com/rust-lang/crates.io-index"
dependencies = [
 "cc 1.0.52 (registry+https://github.com/rust-lang/crates.io-index)",
 "libc 0.2.69 (registry+https://github.com/rust-lang/crates.io-index)",
]

[[package]]
name = "cc"
version = "1.0.52"
source = "registry+https://github.com/rust-lang/crates.io-index"

[[package]]
name = "cfg-if"
version = "0.1.10"
source = "registry+https://github.com/rust-lang/crates.io-index"

[[package]]
name = "failure"
version = "0.1.8"
source = "registry+https://github.com/rust-lang/crates.io-index"
dependencies = [
 "backtrace 0.3.46 (registry+https://github.com/rust-lang/crates.io-index)",
]

[[package]]
name = "gcc"
version = "0.3.55"
source = "registry+https://github.com/rust-lang/crates.io-index"

[[package]]
name = "heck"
version = "0.3.1"
source = "registry+https://github.com/rust-lang/crates.io-index"
dependencies = [
 "unicode-segmentation 1.6.0 (registry+https://github.com/rust-lang/crates.io-index)",
]

[[package]]
name = "jsonnet-rs"
version = "0.6.0"
source = "registry+https://github.com/rust-lang/crates.io-index"
dependencies = [
 "jsonnet-sys 0.6.0 (registry+https://github.com/rust-lang/crates.io-index)",
 "libc 0.2.69 (registry+https://github.com/rust-lang/crates.io-index)",
]

[[package]]
name = "jsonnet-sys"
version = "0.6.0"
source = "registry+https://github.com/rust-lang/crates.io-index"
dependencies = [
 "gcc 0.3.55 (registry+https://github.com/rust-lang/crates.io-index)",
 "libc 0.2.69 (registry+https://github.com/rust-lang/crates.io-index)",
]

[[package]]
name = "jsonnet_bindings"
version = "0.2.0"
dependencies = [
 "jsonnet-rs 0.6.0 (registry+https://github.com/rust-lang/crates.io-index)",
 "rustler 0.21.0 (registry+https://github.com/rust-lang/crates.io-index)",
 "rustler_codegen 0.21.0 (registry+https://github.com/rust-lang/crates.io-index)",
]

[[package]]
name = "lazy_static"
version = "1.4.0"
source = "registry+https://github.com/rust-lang/crates.io-index"

[[package]]
name = "libc"
version = "0.2.69"
source = "registry+https://github.com/rust-lang/crates.io-index"

[[package]]
name = "proc-macro2"
version = "0.4.30"
source = "registry+https://github.com/rust-lang/crates.io-index"
dependencies = [
 "unicode-xid 0.1.0 (registry+https://github.com/rust-lang/crates.io-index)",
]

[[package]]
name = "quote"
version = "0.6.13"
source = "registry+https://github.com/rust-lang/crates.io-index"
dependencies = [
 "proc-macro2 0.4.30 (registry+https://github.com/rust-lang/crates.io-index)",
]

[[package]]
name = "rustc-demangle"
version = "0.1.16"
source = "registry+https://github.com/rust-lang/crates.io-index"

[[package]]
name = "rustler"
version = "0.21.0"
source = "registry+https://github.com/rust-lang/crates.io-index"
dependencies = [
 "lazy_static 1.4.0 (registry+https://github.com/rust-lang/crates.io-index)",
 "rustler_codegen 0.21.0 (registry+https://github.com/rust-lang/crates.io-index)",
 "rustler_sys 2.0.0 (registry+https://github.com/rust-lang/crates.io-index)",
 "which 2.0.1 (registry+https://github.com/rust-lang/crates.io-index)",
]

[[package]]
name = "rustler_codegen"
version = "0.21.0"
source = "registry+https://github.com/rust-lang/crates.io-index"
dependencies = [
 "heck 0.3.1 (registry+https://github.com/rust-lang/crates.io-index)",
 "proc-macro2 0.4.30 (registry+https://github.com/rust-lang/crates.io-index)",
 "quote 0.6.13 (registry+https://github.com/rust-lang/crates.io-index)",
 "syn 0.15.44 (registry+https://github.com/rust-lang/crates.io-index)",
]

[[package]]
name = "rustler_sys"
version = "2.0.0"
source = "registry+https://github.com/rust-lang/crates.io-index"
dependencies = [
 "unreachable 0.1.1 (registry+https://github.com/rust-lang/crates.io-index)",
]

[[package]]
name = "syn"
version = "0.15.44"
source = "registry+https://github.com/rust-lang/crates.io-index"
dependencies = [
 "proc-macro2 0.4.30 (registry+https://github.com/rust-lang/crates.io-index)",
 "quote 0.6.13 (registry+https://github.com/rust-lang/crates.io-index)",
 "unicode-xid 0.1.0 (registry+https://github.com/rust-lang/crates.io-index)",
]

[[package]]
name = "unicode-segmentation"
version = "1.6.0"
source = "registry+https://github.com/rust-lang/crates.io-index"

[[package]]
name = "unicode-xid"
version = "0.1.0"
source = "registry+https://github.com/rust-lang/crates.io-index"

[[package]]
name = "unreachable"
version = "0.1.1"
source = "registry+https://github.com/rust-lang/crates.io-index"
dependencies = [
 "void 1.0.2 (registry+https://github.com/rust-lang/crates.io-index)",
]

[[package]]
name = "void"
version = "1.0.2"
source = "registry+https://github.com/rust-lang/crates.io-index"

[[package]]
name = "which"
version = "2.0.1"
source = "registry+https://github.com/rust-lang/crates.io-index"
dependencies = [
 "failure 0.1.8 (registry+https://github.com/rust-lang/crates.io-index)",
 "libc 0.2.69 (registry+https://github.com/rust-lang/crates.io-index)",
]

[metadata]
"checksum backtrace 0.3.46 (registry+https://github.com/rust-lang/crates.io-index)" = "b1e692897359247cc6bb902933361652380af0f1b7651ae5c5013407f30e109e"
"checksum backtrace-sys 0.1.37 (registry+https://github.com/rust-lang/crates.io-index)" = "18fbebbe1c9d1f383a9cc7e8ccdb471b91c8d024ee9c2ca5b5346121fe8b4399"
"checksum cc 1.0.52 (registry+https://github.com/rust-lang/crates.io-index)" = "c3d87b23d6a92cd03af510a5ade527033f6aa6fa92161e2d5863a907d4c5e31d"
"checksum cfg-if 0.1.10 (registry+https://github.com/rust-lang/crates.io-index)" = "4785bdd1c96b2a846b2bd7cc02e86b6b3dbf14e7e53446c4f54c92a361040822"
"checksum failure 0.1.8 (registry+https://github.com/rust-lang/crates.io-index)" = "d32e9bd16cc02eae7db7ef620b392808b89f6a5e16bb3497d159c6b92a0f4f86"
"checksum gcc 0.3.55 (registry+https://github.com/rust-lang/crates.io-index)" = "8f5f3913fa0bfe7ee1fd8248b6b9f42a5af4b9d65ec2dd2c3c26132b950ecfc2"
"checksum heck 0.3.1 (registry+https://github.com/rust-lang/crates.io-index)" = "20564e78d53d2bb135c343b3f47714a56af2061f1c928fdb541dc7b9fdd94205"
"checksum jsonnet-rs 0.6.0 (registry+https://github.com/rust-lang/crates.io-index)" = "dea3859e42541d9ecee82613c105234d2af74e1794c255af2d155d1e7ad57558"
"checksum jsonnet-sys 0.6.0 (registry+https://github.com/rust-lang/crates.io-index)" = "2948bf138e186428476eaea072b4b07ef3cd8e6bcaeab941a65ec783a927e6ef"
"checksum lazy_static 1.4.0 (registry+https://github.com/rust-lang/crates.io-index)" = "e2abad23fbc42b3700f2f279844dc832adb2b2eb069b2df918f455c4e18cc646"
"checksum libc 0.2.69 (registry+https://github.com/rust-lang/crates.io-index)" = "99e85c08494b21a9054e7fe1374a732aeadaff3980b6990b94bfd3a70f690005"
"checksum proc-macro2 0.4.30 (registry+https://github.com/rust-lang/crates.io-index)" = "cf3d2011ab5c909338f7887f4fc896d35932e29146c12c8d01da6b22a80ba759"
"checksum quote 0.6.13 (registry+https://github.com/rust-lang/crates.io-index)" = "6ce23b6b870e8f94f81fb0a363d65d86675884b34a09043c81e5562f11c1f8e1"
"checksum rustc-demangle 0.1.16 (registry+https://github.com/rust-lang/crates.io-index)" = "4c691c0e608126e00913e33f0ccf3727d5fc84573623b8d65b2df340b5201783"
"checksum rustler 0.21.0 (registry+https://github.com/rust-lang/crates.io-index)" = "087d812084e88e84d09ad05abebb24e2967b287ddfa692296f742bcf3e403f93"
"checksum rustler_codegen 0.21.0 (registry+https://github.com/rust-lang/crates.io-index)" = "62d5150810c3a06997d644cacfd0d9464441aae1d46e0bdf66cef67d379fa443"
"checksum rustler_sys 2.0.0 (registry+https://github.com/rust-lang/crates.io-index)" = "3e2c6dd78a5cffd4294c4aca568522736b8a67f0e8ccdb6a55354dc933726bc4"
"checksum syn 0.15.44 (registry+https://github.com/rust-lang/crates.io-index)" = "9ca4b3b69a77cbe1ffc9e198781b7acb0c7365a883670e8f1c1bc66fba79a5c5"
"checksum unicode-segmentation 1.6.0 (registry+https://github.com/rust-lang/crates.io-index)" = "e83e153d1053cbb5a118eeff7fd5be06ed99153f00dbcd8ae310c5fb2b22edc0"
"checksum unicode-xid 0.1.0 (registry+https://github.com/rust-lang/crates.io-index)" = "fc72304796d0818e357ead4e000d19c9c174ab23dc11093ac919054d20a6a7fc"
"checksum unreachable 0.1.1 (registry+https://github.com/rust-lang/crates.io-index)" = "1f2ae5ddb18e1c92664717616dd9549dde73f539f01bd7b77c2edb2446bdff91"
"checksum void 1.0.2 (registry+https://github.com/rust-lang/crates.io-index)" = "6a02e4885ed3bc0f2de90ea6dd45ebcbb66dacffe03547fadbb0eeae2770887d"
"checksum which 2.0.1 (registry+https://github.com/rust-lang/crates.io-index)" = "b57acb10231b9493c8472b20cb57317d0679a49e0bdbee44b3b803a6473af164"
